// !$*UTF8*$!
{
	archiveVersion = 1;
	classes = {
	};
	objectVersion = 55;
	objects = {

/* Begin PBXBuildFile section */
		1430610C270B4B2200209D24 /* CryptoTrackerApp.swift in Sources */ = {isa = PBXBuildFile; fileRef = 1430610B270B4B2200209D24 /* CryptoTrackerApp.swift */; };
		14306110270B4B2300209D24 /* Assets.xcassets in Resources */ = {isa = PBXBuildFile; fileRef = 1430610F270B4B2300209D24 /* Assets.xcassets */; };
		14306113270B4B2300209D24 /* Preview Assets.xcassets in Resources */ = {isa = PBXBuildFile; fileRef = 14306112270B4B2300209D24 /* Preview Assets.xcassets */; };
		1430611D270B4B2300209D24 /* CryptoTrackerTests.swift in Sources */ = {isa = PBXBuildFile; fileRef = 1430611C270B4B2300209D24 /* CryptoTrackerTests.swift */; };
		14306127270B4B2300209D24 /* CryptoTrackerUITests.swift in Sources */ = {isa = PBXBuildFile; fileRef = 14306126270B4B2300209D24 /* CryptoTrackerUITests.swift */; };
		14306129270B4B2300209D24 /* CryptoTrackerUITestsLaunchTests.swift in Sources */ = {isa = PBXBuildFile; fileRef = 14306128270B4B2300209D24 /* CryptoTrackerUITestsLaunchTests.swift */; };
		14306137270B4B5100209D24 /* HomeView.swift in Sources */ = {isa = PBXBuildFile; fileRef = 14306135270B4B5100209D24 /* HomeView.swift */; };
		14306138270B4B5100209D24 /* HomeViewModel.swift in Sources */ = {isa = PBXBuildFile; fileRef = 14306136270B4B5100209D24 /* HomeViewModel.swift */; };
		1430613F270B526200209D24 /* Session.swift in Sources */ = {isa = PBXBuildFile; fileRef = 1430613A270B526200209D24 /* Session.swift */; };
		14306140270B526200209D24 /* Service.swift in Sources */ = {isa = PBXBuildFile; fileRef = 1430613B270B526200209D24 /* Service.swift */; };
		14306141270B526200209D24 /* Enums.swift in Sources */ = {isa = PBXBuildFile; fileRef = 1430613C270B526200209D24 /* Enums.swift */; };
		14306142270B526200209D24 /* Provider.swift in Sources */ = {isa = PBXBuildFile; fileRef = 1430613D270B526200209D24 /* Provider.swift */; };
		14306143270B526200209D24 /* Extensions.swift in Sources */ = {isa = PBXBuildFile; fileRef = 1430613E270B526200209D24 /* Extensions.swift */; };
		14306147270B548D00209D24 /* BitcoinResponse.swift in Sources */ = {isa = PBXBuildFile; fileRef = 14306146270B548D00209D24 /* BitcoinResponse.swift */; };
		1430614A270B56F500209D24 /* BitcoinService.swift in Sources */ = {isa = PBXBuildFile; fileRef = 14306149270B56F500209D24 /* BitcoinService.swift */; };
		1430614D270B59E300209D24 /* CurrencyManager.swift in Sources */ = {isa = PBXBuildFile; fileRef = 1430614C270B59E300209D24 /* CurrencyManager.swift */; };
		14306150270B5A7400209D24 /* DatatypeExtension.swift in Sources */ = {isa = PBXBuildFile; fileRef = 1430614F270B5A7400209D24 /* DatatypeExtension.swift */; };
		14306155270B60E300209D24 /* NotificationManager.swift in Sources */ = {isa = PBXBuildFile; fileRef = 14306154270B60E300209D24 /* NotificationManager.swift */; };
		14306159270B640700209D24 /* AppDelegate.swift in Sources */ = {isa = PBXBuildFile; fileRef = 14306158270B640700209D24 /* AppDelegate.swift */; };
		1430615C270B688500209D24 /* UserDefault.swift in Sources */ = {isa = PBXBuildFile; fileRef = 1430615B270B688500209D24 /* UserDefault.swift */; };
		1430615E270B77C000209D24 /* DataManager.swift in Sources */ = {isa = PBXBuildFile; fileRef = 1430615D270B77C000209D24 /* DataManager.swift */; };
		14306160270B857600209D24 /* Constants.swift in Sources */ = {isa = PBXBuildFile; fileRef = 1430615F270B857600209D24 /* Constants.swift */; };
/* End PBXBuildFile section */

/* Begin PBXContainerItemProxy section */
		14306119270B4B2300209D24 /* PBXContainerItemProxy */ = {
			isa = PBXContainerItemProxy;
			containerPortal = 14306100270B4B2200209D24 /* Project object */;
			proxyType = 1;
			remoteGlobalIDString = 14306107270B4B2200209D24;
			remoteInfo = CryptoTracker;
		};
		14306123270B4B2300209D24 /* PBXContainerItemProxy */ = {
			isa = PBXContainerItemProxy;
			containerPortal = 14306100270B4B2200209D24 /* Project object */;
			proxyType = 1;
			remoteGlobalIDString = 14306107270B4B2200209D24;
			remoteInfo = CryptoTracker;
		};
/* End PBXContainerItemProxy section */

/* Begin PBXFileReference section */
		14306108270B4B2200209D24 /* CryptoTracker.app */ = {isa = PBXFileReference; explicitFileType = wrapper.application; includeInIndex = 0; path = CryptoTracker.app; sourceTree = BUILT_PRODUCTS_DIR; };
		1430610B270B4B2200209D24 /* CryptoTrackerApp.swift */ = {isa = PBXFileReference; lastKnownFileType = sourcecode.swift; path = CryptoTrackerApp.swift; sourceTree = "<group>"; };
		1430610F270B4B2300209D24 /* Assets.xcassets */ = {isa = PBXFileReference; lastKnownFileType = folder.assetcatalog; path = Assets.xcassets; sourceTree = "<group>"; };
		14306112270B4B2300209D24 /* Preview Assets.xcassets */ = {isa = PBXFileReference; lastKnownFileType = folder.assetcatalog; path = "Preview Assets.xcassets"; sourceTree = "<group>"; };
		14306118270B4B2300209D24 /* CryptoTrackerTests.xctest */ = {isa = PBXFileReference; explicitFileType = wrapper.cfbundle; includeInIndex = 0; path = CryptoTrackerTests.xctest; sourceTree = BUILT_PRODUCTS_DIR; };
		1430611C270B4B2300209D24 /* CryptoTrackerTests.swift */ = {isa = PBXFileReference; lastKnownFileType = sourcecode.swift; path = CryptoTrackerTests.swift; sourceTree = "<group>"; };
		14306122270B4B2300209D24 /* CryptoTrackerUITests.xctest */ = {isa = PBXFileReference; explicitFileType = wrapper.cfbundle; includeInIndex = 0; path = CryptoTrackerUITests.xctest; sourceTree = BUILT_PRODUCTS_DIR; };
		14306126270B4B2300209D24 /* CryptoTrackerUITests.swift */ = {isa = PBXFileReference; lastKnownFileType = sourcecode.swift; path = CryptoTrackerUITests.swift; sourceTree = "<group>"; };
		14306128270B4B2300209D24 /* CryptoTrackerUITestsLaunchTests.swift */ = {isa = PBXFileReference; lastKnownFileType = sourcecode.swift; path = CryptoTrackerUITestsLaunchTests.swift; sourceTree = "<group>"; };
		14306135270B4B5100209D24 /* HomeView.swift */ = {isa = PBXFileReference; lastKnownFileType = sourcecode.swift; path = HomeView.swift; sourceTree = "<group>"; };
		14306136270B4B5100209D24 /* HomeViewModel.swift */ = {isa = PBXFileReference; lastKnownFileType = sourcecode.swift; path = HomeViewModel.swift; sourceTree = "<group>"; };
		1430613A270B526200209D24 /* Session.swift */ = {isa = PBXFileReference; fileEncoding = 4; lastKnownFileType = sourcecode.swift; path = Session.swift; sourceTree = "<group>"; };
		1430613B270B526200209D24 /* Service.swift */ = {isa = PBXFileReference; fileEncoding = 4; lastKnownFileType = sourcecode.swift; path = Service.swift; sourceTree = "<group>"; };
		1430613C270B526200209D24 /* Enums.swift */ = {isa = PBXFileReference; fileEncoding = 4; lastKnownFileType = sourcecode.swift; path = Enums.swift; sourceTree = "<group>"; };
		1430613D270B526200209D24 /* Provider.swift */ = {isa = PBXFileReference; fileEncoding = 4; lastKnownFileType = sourcecode.swift; path = Provider.swift; sourceTree = "<group>"; };
		1430613E270B526200209D24 /* Extensions.swift */ = {isa = PBXFileReference; fileEncoding = 4; lastKnownFileType = sourcecode.swift; path = Extensions.swift; sourceTree = "<group>"; };
		14306146270B548D00209D24 /* BitcoinResponse.swift */ = {isa = PBXFileReference; lastKnownFileType = sourcecode.swift; path = BitcoinResponse.swift; sourceTree = "<group>"; };
		14306149270B56F500209D24 /* BitcoinService.swift */ = {isa = PBXFileReference; lastKnownFileType = sourcecode.swift; path = BitcoinService.swift; sourceTree = "<group>"; };
		1430614C270B59E300209D24 /* CurrencyManager.swift */ = {isa = PBXFileReference; lastKnownFileType = sourcecode.swift; path = CurrencyManager.swift; sourceTree = "<group>"; };
		1430614F270B5A7400209D24 /* DatatypeExtension.swift */ = {isa = PBXFileReference; lastKnownFileType = sourcecode.swift; path = DatatypeExtension.swift; sourceTree = "<group>"; };
		14306154270B60E300209D24 /* NotificationManager.swift */ = {isa = PBXFileReference; lastKnownFileType = sourcecode.swift; path = NotificationManager.swift; sourceTree = "<group>"; };
		14306156270B627D00209D24 /* Info.plist */ = {isa = PBXFileReference; lastKnownFileType = text.plist; path = Info.plist; sourceTree = "<group>"; };
		14306158270B640700209D24 /* AppDelegate.swift */ = {isa = PBXFileReference; lastKnownFileType = sourcecode.swift; path = AppDelegate.swift; sourceTree = "<group>"; };
		1430615B270B688500209D24 /* UserDefault.swift */ = {isa = PBXFileReference; lastKnownFileType = sourcecode.swift; path = UserDefault.swift; sourceTree = "<group>"; };
		1430615D270B77C000209D24 /* DataManager.swift */ = {isa = PBXFileReference; lastKnownFileType = sourcecode.swift; path = DataManager.swift; sourceTree = "<group>"; };
		1430615F270B857600209D24 /* Constants.swift */ = {isa = PBXFileReference; lastKnownFileType = sourcecode.swift; path = Constants.swift; sourceTree = "<group>"; };
/* End PBXFileReference section */

/* Begin PBXFrameworksBuildPhase section */
		14306105270B4B2200209D24 /* Frameworks */ = {
			isa = PBXFrameworksBuildPhase;
			buildActionMask = 2147483647;
			files = (
			);
			runOnlyForDeploymentPostprocessing = 0;
		};
		14306115270B4B2300209D24 /* Frameworks */ = {
			isa = PBXFrameworksBuildPhase;
			buildActionMask = 2147483647;
			files = (
			);
			runOnlyForDeploymentPostprocessing = 0;
		};
		1430611F270B4B2300209D24 /* Frameworks */ = {
			isa = PBXFrameworksBuildPhase;
			buildActionMask = 2147483647;
			files = (
			);
			runOnlyForDeploymentPostprocessing = 0;
		};
/* End PBXFrameworksBuildPhase section */

/* Begin PBXGroup section */
		143060FF270B4B2200209D24 = {
			isa = PBXGroup;
			children = (
				1430610A270B4B2200209D24 /* CryptoTracker */,
				1430611B270B4B2300209D24 /* CryptoTrackerTests */,
				14306125270B4B2300209D24 /* CryptoTrackerUITests */,
				14306109270B4B2200209D24 /* Products */,
			);
			sourceTree = "<group>";
		};
		14306109270B4B2200209D24 /* Products */ = {
			isa = PBXGroup;
			children = (
				14306108270B4B2200209D24 /* CryptoTracker.app */,
				14306118270B4B2300209D24 /* CryptoTrackerTests.xctest */,
				14306122270B4B2300209D24 /* CryptoTrackerUITests.xctest */,
			);
			name = Products;
			sourceTree = "<group>";
		};
		1430610A270B4B2200209D24 /* CryptoTracker */ = {
			isa = PBXGroup;
			children = (
				14306156270B627D00209D24 /* Info.plist */,
				14306157270B63F200209D24 /* Application */,
				14306151270B609D00209D24 /* Module */,
				1430615A270B683000209D24 /* Utility */,
				1430614B270B59A900209D24 /* Managers */,
				14306148270B564700209D24 /* Service */,
				1430614E270B5A4000209D24 /* Extensions */,
				14306144270B544900209D24 /* Data */,
				1430610F270B4B2300209D24 /* Assets.xcassets */,
				14306111270B4B2300209D24 /* Preview Content */,
			);
			path = CryptoTracker;
			sourceTree = "<group>";
		};
		14306111270B4B2300209D24 /* Preview Content */ = {
			isa = PBXGroup;
			children = (
				14306112270B4B2300209D24 /* Preview Assets.xcassets */,
			);
			path = "Preview Content";
			sourceTree = "<group>";
		};
		1430611B270B4B2300209D24 /* CryptoTrackerTests */ = {
			isa = PBXGroup;
			children = (
				1430611C270B4B2300209D24 /* CryptoTrackerTests.swift */,
			);
			path = CryptoTrackerTests;
			sourceTree = "<group>";
		};
		14306125270B4B2300209D24 /* CryptoTrackerUITests */ = {
			isa = PBXGroup;
			children = (
				14306126270B4B2300209D24 /* CryptoTrackerUITests.swift */,
				14306128270B4B2300209D24 /* CryptoTrackerUITestsLaunchTests.swift */,
			);
			path = CryptoTrackerUITests;
			sourceTree = "<group>";
		};
		14306139270B526200209D24 /* Network */ = {
			isa = PBXGroup;
			children = (
				1430613A270B526200209D24 /* Session.swift */,
				1430613B270B526200209D24 /* Service.swift */,
				1430613C270B526200209D24 /* Enums.swift */,
				1430613D270B526200209D24 /* Provider.swift */,
				1430613E270B526200209D24 /* Extensions.swift */,
			);
			path = Network;
			sourceTree = "<group>";
		};
		14306144270B544900209D24 /* Data */ = {
			isa = PBXGroup;
			children = (
				14306145270B545000209D24 /* Entities */,
				14306139270B526200209D24 /* Network */,
			);
			path = Data;
			sourceTree = "<group>";
		};
		14306145270B545000209D24 /* Entities */ = {
			isa = PBXGroup;
			children = (
				14306146270B548D00209D24 /* BitcoinResponse.swift */,
			);
			path = Entities;
			sourceTree = "<group>";
		};
		14306148270B564700209D24 /* Service */ = {
			isa = PBXGroup;
			children = (
				14306149270B56F500209D24 /* BitcoinService.swift */,
			);
			path = Service;
			sourceTree = "<group>";
		};
		1430614B270B59A900209D24 /* Managers */ = {
			isa = PBXGroup;
			children = (
				1430614C270B59E300209D24 /* CurrencyManager.swift */,
				1430615D270B77C000209D24 /* DataManager.swift */,
				14306154270B60E300209D24 /* NotificationManager.swift */,
			);
			path = Managers;
			sourceTree = "<group>";
		};
		1430614E270B5A4000209D24 /* Extensions */ = {
			isa = PBXGroup;
			children = (
				1430614F270B5A7400209D24 /* DatatypeExtension.swift */,
			);
			path = Extensions;
			sourceTree = "<group>";
		};
		14306151270B609D00209D24 /* Module */ = {
			isa = PBXGroup;
			children = (
				14306152270B60B000209D24 /* Home */,
			);
			path = Module;
			sourceTree = "<group>";
		};
		14306152270B60B000209D24 /* Home */ = {
			isa = PBXGroup;
			children = (
				14306135270B4B5100209D24 /* HomeView.swift */,
				14306136270B4B5100209D24 /* HomeViewModel.swift */,
			);
			path = Home;
			sourceTree = "<group>";
		};
		14306157270B63F200209D24 /* Application */ = {
			isa = PBXGroup;
			children = (
				1430610B270B4B2200209D24 /* CryptoTrackerApp.swift */,
				14306158270B640700209D24 /* AppDelegate.swift */,
			);
			path = Application;
			sourceTree = "<group>";
		};
		1430615A270B683000209D24 /* Utility */ = {
			isa = PBXGroup;
			children = (
				1430615B270B688500209D24 /* UserDefault.swift */,
				1430615F270B857600209D24 /* Constants.swift */,
			);
			path = Utility;
			sourceTree = "<group>";
		};
/* End PBXGroup section */

/* Begin PBXNativeTarget section */
		14306107270B4B2200209D24 /* CryptoTracker */ = {
			isa = PBXNativeTarget;
			buildConfigurationList = 1430612C270B4B2300209D24 /* Build configuration list for PBXNativeTarget "CryptoTracker" */;
			buildPhases = (
				14306104270B4B2200209D24 /* Sources */,
				14306105270B4B2200209D24 /* Frameworks */,
				14306106270B4B2200209D24 /* Resources */,
			);
			buildRules = (
			);
			dependencies = (
			);
			name = CryptoTracker;
			productName = CryptoTracker;
			productReference = 14306108270B4B2200209D24 /* CryptoTracker.app */;
			productType = "com.apple.product-type.application";
		};
		14306117270B4B2300209D24 /* CryptoTrackerTests */ = {
			isa = PBXNativeTarget;
			buildConfigurationList = 1430612F270B4B2300209D24 /* Build configuration list for PBXNativeTarget "CryptoTrackerTests" */;
			buildPhases = (
				14306114270B4B2300209D24 /* Sources */,
				14306115270B4B2300209D24 /* Frameworks */,
				14306116270B4B2300209D24 /* Resources */,
			);
			buildRules = (
			);
			dependencies = (
				1430611A270B4B2300209D24 /* PBXTargetDependency */,
			);
			name = CryptoTrackerTests;
			productName = CryptoTrackerTests;
			productReference = 14306118270B4B2300209D24 /* CryptoTrackerTests.xctest */;
			productType = "com.apple.product-type.bundle.unit-test";
		};
		14306121270B4B2300209D24 /* CryptoTrackerUITests */ = {
			isa = PBXNativeTarget;
			buildConfigurationList = 14306132270B4B2300209D24 /* Build configuration list for PBXNativeTarget "CryptoTrackerUITests" */;
			buildPhases = (
				1430611E270B4B2300209D24 /* Sources */,
				1430611F270B4B2300209D24 /* Frameworks */,
				14306120270B4B2300209D24 /* Resources */,
			);
			buildRules = (
			);
			dependencies = (
				14306124270B4B2300209D24 /* PBXTargetDependency */,
			);
			name = CryptoTrackerUITests;
			productName = CryptoTrackerUITests;
			productReference = 14306122270B4B2300209D24 /* CryptoTrackerUITests.xctest */;
			productType = "com.apple.product-type.bundle.ui-testing";
		};
/* End PBXNativeTarget section */

/* Begin PBXProject section */
		14306100270B4B2200209D24 /* Project object */ = {
			isa = PBXProject;
			attributes = {
				BuildIndependentTargetsInParallel = 1;
				LastSwiftUpdateCheck = 1300;
				LastUpgradeCheck = 1300;
				TargetAttributes = {
					14306107270B4B2200209D24 = {
						CreatedOnToolsVersion = 13.0;
					};
					14306117270B4B2300209D24 = {
						CreatedOnToolsVersion = 13.0;
						TestTargetID = 14306107270B4B2200209D24;
					};
					14306121270B4B2300209D24 = {
						CreatedOnToolsVersion = 13.0;
						TestTargetID = 14306107270B4B2200209D24;
					};
				};
			};
			buildConfigurationList = 14306103270B4B2200209D24 /* Build configuration list for PBXProject "CryptoTracker" */;
			compatibilityVersion = "Xcode 13.0";
			developmentRegion = en;
			hasScannedForEncodings = 0;
			knownRegions = (
				en,
				Base,
			);
			mainGroup = 143060FF270B4B2200209D24;
			productRefGroup = 14306109270B4B2200209D24 /* Products */;
			projectDirPath = "";
			projectRoot = "";
			targets = (
				14306107270B4B2200209D24 /* CryptoTracker */,
				14306117270B4B2300209D24 /* CryptoTrackerTests */,
				14306121270B4B2300209D24 /* CryptoTrackerUITests */,
			);
		};
/* End PBXProject section */

/* Begin PBXResourcesBuildPhase section */
		14306106270B4B2200209D24 /* Resources */ = {
			isa = PBXResourcesBuildPhase;
			buildActionMask = 2147483647;
			files = (
				14306113270B4B2300209D24 /* Preview Assets.xcassets in Resources */,
				14306110270B4B2300209D24 /* Assets.xcassets in Resources */,
			);
			runOnlyForDeploymentPostprocessing = 0;
		};
		14306116270B4B2300209D24 /* Resources */ = {
			isa = PBXResourcesBuildPhase;
			buildActionMask = 2147483647;
			files = (
			);
			runOnlyForDeploymentPostprocessing = 0;
		};
		14306120270B4B2300209D24 /* Resources */ = {
			isa = PBXResourcesBuildPhase;
			buildActionMask = 2147483647;
			files = (
			);
			runOnlyForDeploymentPostprocessing = 0;
		};
/* End PBXResourcesBuildPhase section */

/* Begin PBXSourcesBuildPhase section */
		14306104270B4B2200209D24 /* Sources */ = {
			isa = PBXSourcesBuildPhase;
			buildActionMask = 2147483647;
			files = (
				1430613F270B526200209D24 /* Session.swift in Sources */,
				14306160270B857600209D24 /* Constants.swift in Sources */,
				1430615E270B77C000209D24 /* DataManager.swift in Sources */,
				14306147270B548D00209D24 /* BitcoinResponse.swift in Sources */,
				1430615C270B688500209D24 /* UserDefault.swift in Sources */,
				1430610C270B4B2200209D24 /* CryptoTrackerApp.swift in Sources */,
				14306150270B5A7400209D24 /* DatatypeExtension.swift in Sources */,
				14306159270B640700209D24 /* AppDelegate.swift in Sources */,
				14306142270B526200209D24 /* Provider.swift in Sources */,
				14306143270B526200209D24 /* Extensions.swift in Sources */,
				14306155270B60E300209D24 /* NotificationManager.swift in Sources */,
				14306140270B526200209D24 /* Service.swift in Sources */,
				1430614A270B56F500209D24 /* BitcoinService.swift in Sources */,
				1430614D270B59E300209D24 /* CurrencyManager.swift in Sources */,
				14306138270B4B5100209D24 /* HomeViewModel.swift in Sources */,
				14306141270B526200209D24 /* Enums.swift in Sources */,
				14306137270B4B5100209D24 /* HomeView.swift in Sources */,
			);
			runOnlyForDeploymentPostprocessing = 0;
		};
		14306114270B4B2300209D24 /* Sources */ = {
			isa = PBXSourcesBuildPhase;
			buildActionMask = 2147483647;
			files = (
				1430611D270B4B2300209D24 /* CryptoTrackerTests.swift in Sources */,
			);
			runOnlyForDeploymentPostprocessing = 0;
		};
		1430611E270B4B2300209D24 /* Sources */ = {
			isa = PBXSourcesBuildPhase;
			buildActionMask = 2147483647;
			files = (
				14306129270B4B2300209D24 /* CryptoTrackerUITestsLaunchTests.swift in Sources */,
				14306127270B4B2300209D24 /* CryptoTrackerUITests.swift in Sources */,
			);
			runOnlyForDeploymentPostprocessing = 0;
		};
/* End PBXSourcesBuildPhase section */

/* Begin PBXTargetDependency section */
		1430611A270B4B2300209D24 /* PBXTargetDependency */ = {
			isa = PBXTargetDependency;
			target = 14306107270B4B2200209D24 /* CryptoTracker */;
			targetProxy = 14306119270B4B2300209D24 /* PBXContainerItemProxy */;
		};
		14306124270B4B2300209D24 /* PBXTargetDependency */ = {
			isa = PBXTargetDependency;
			target = 14306107270B4B2200209D24 /* CryptoTracker */;
			targetProxy = 14306123270B4B2300209D24 /* PBXContainerItemProxy */;
		};
/* End PBXTargetDependency section */

/* Begin XCBuildConfiguration section */
		1430612A270B4B2300209D24 /* Debug */ = {
			isa = XCBuildConfiguration;
			buildSettings = {
				ALWAYS_SEARCH_USER_PATHS = NO;
				CLANG_ANALYZER_NONNULL = YES;
				CLANG_ANALYZER_NUMBER_OBJECT_CONVERSION = YES_AGGRESSIVE;
				CLANG_CXX_LANGUAGE_STANDARD = "gnu++17";
				CLANG_CXX_LIBRARY = "libc++";
				CLANG_ENABLE_MODULES = YES;
				CLANG_ENABLE_OBJC_ARC = YES;
				CLANG_ENABLE_OBJC_WEAK = YES;
				CLANG_WARN_BLOCK_CAPTURE_AUTORELEASING = YES;
				CLANG_WARN_BOOL_CONVERSION = YES;
				CLANG_WARN_COMMA = YES;
				CLANG_WARN_CONSTANT_CONVERSION = YES;
				CLANG_WARN_DEPRECATED_OBJC_IMPLEMENTATIONS = YES;
				CLANG_WARN_DIRECT_OBJC_ISA_USAGE = YES_ERROR;
				CLANG_WARN_DOCUMENTATION_COMMENTS = YES;
				CLANG_WARN_EMPTY_BODY = YES;
				CLANG_WARN_ENUM_CONVERSION = YES;
				CLANG_WARN_INFINITE_RECURSION = YES;
				CLANG_WARN_INT_CONVERSION = YES;
				CLANG_WARN_NON_LITERAL_NULL_CONVERSION = YES;
				CLANG_WARN_OBJC_IMPLICIT_RETAIN_SELF = YES;
				CLANG_WARN_OBJC_LITERAL_CONVERSION = YES;
				CLANG_WARN_OBJC_ROOT_CLASS = YES_ERROR;
				CLANG_WARN_QUOTED_INCLUDE_IN_FRAMEWORK_HEADER = YES;
				CLANG_WARN_RANGE_LOOP_ANALYSIS = YES;
				CLANG_WARN_STRICT_PROTOTYPES = YES;
				CLANG_WARN_SUSPICIOUS_MOVE = YES;
				CLANG_WARN_UNGUARDED_AVAILABILITY = YES_AGGRESSIVE;
				CLANG_WARN_UNREACHABLE_CODE = YES;
				CLANG_WARN__DUPLICATE_METHOD_MATCH = YES;
				COPY_PHASE_STRIP = NO;
				DEBUG_INFORMATION_FORMAT = dwarf;
				ENABLE_STRICT_OBJC_MSGSEND = YES;
				ENABLE_TESTABILITY = YES;
				GCC_C_LANGUAGE_STANDARD = gnu11;
				GCC_DYNAMIC_NO_PIC = NO;
				GCC_NO_COMMON_BLOCKS = YES;
				GCC_OPTIMIZATION_LEVEL = 0;
				GCC_PREPROCESSOR_DEFINITIONS = (
					"DEBUG=1",
					"$(inherited)",
				);
				GCC_WARN_64_TO_32_BIT_CONVERSION = YES;
				GCC_WARN_ABOUT_RETURN_TYPE = YES_ERROR;
				GCC_WARN_UNDECLARED_SELECTOR = YES;
				GCC_WARN_UNINITIALIZED_AUTOS = YES_AGGRESSIVE;
				GCC_WARN_UNUSED_FUNCTION = YES;
				GCC_WARN_UNUSED_VARIABLE = YES;
				IPHONEOS_DEPLOYMENT_TARGET = 15.0;
				MTL_ENABLE_DEBUG_INFO = INCLUDE_SOURCE;
				MTL_FAST_MATH = YES;
				ONLY_ACTIVE_ARCH = YES;
				SDKROOT = iphoneos;
				SWIFT_ACTIVE_COMPILATION_CONDITIONS = DEBUG;
				SWIFT_OPTIMIZATION_LEVEL = "-Onone";
			};
			name = Debug;
		};
		1430612B270B4B2300209D24 /* Release */ = {
			isa = XCBuildConfiguration;
			buildSettings = {
				ALWAYS_SEARCH_USER_PATHS = NO;
				CLANG_ANALYZER_NONNULL = YES;
				CLANG_ANALYZER_NUMBER_OBJECT_CONVERSION = YES_AGGRESSIVE;
				CLANG_CXX_LANGUAGE_STANDARD = "gnu++17";
				CLANG_CXX_LIBRARY = "libc++";
				CLANG_ENABLE_MODULES = YES;
				CLANG_ENABLE_OBJC_ARC = YES;
				CLANG_ENABLE_OBJC_WEAK = YES;
				CLANG_WARN_BLOCK_CAPTURE_AUTORELEASING = YES;
				CLANG_WARN_BOOL_CONVERSION = YES;
				CLANG_WARN_COMMA = YES;
				CLANG_WARN_CONSTANT_CONVERSION = YES;
				CLANG_WARN_DEPRECATED_OBJC_IMPLEMENTATIONS = YES;
				CLANG_WARN_DIRECT_OBJC_ISA_USAGE = YES_ERROR;
				CLANG_WARN_DOCUMENTATION_COMMENTS = YES;
				CLANG_WARN_EMPTY_BODY = YES;
				CLANG_WARN_ENUM_CONVERSION = YES;
				CLANG_WARN_INFINITE_RECURSION = YES;
				CLANG_WARN_INT_CONVERSION = YES;
				CLANG_WARN_NON_LITERAL_NULL_CONVERSION = YES;
				CLANG_WARN_OBJC_IMPLICIT_RETAIN_SELF = YES;
				CLANG_WARN_OBJC_LITERAL_CONVERSION = YES;
				CLANG_WARN_OBJC_ROOT_CLASS = YES_ERROR;
				CLANG_WARN_QUOTED_INCLUDE_IN_FRAMEWORK_HEADER = YES;
				CLANG_WARN_RANGE_LOOP_ANALYSIS = YES;
				CLANG_WARN_STRICT_PROTOTYPES = YES;
				CLANG_WARN_SUSPICIOUS_MOVE = YES;
				CLANG_WARN_UNGUARDED_AVAILABILITY = YES_AGGRESSIVE;
				CLANG_WARN_UNREACHABLE_CODE = YES;
				CLANG_WARN__DUPLICATE_METHOD_MATCH = YES;
				COPY_PHASE_STRIP = NO;
				DEBUG_INFORMATION_FORMAT = "dwarf-with-dsym";
				ENABLE_NS_ASSERTIONS = NO;
				ENABLE_STRICT_OBJC_MSGSEND = YES;
				GCC_C_LANGUAGE_STANDARD = gnu11;
				GCC_NO_COMMON_BLOCKS = YES;
				GCC_WARN_64_TO_32_BIT_CONVERSION = YES;
				GCC_WARN_ABOUT_RETURN_TYPE = YES_ERROR;
				GCC_WARN_UNDECLARED_SELECTOR = YES;
				GCC_WARN_UNINITIALIZED_AUTOS = YES_AGGRESSIVE;
				GCC_WARN_UNUSED_FUNCTION = YES;
				GCC_WARN_UNUSED_VARIABLE = YES;
				IPHONEOS_DEPLOYMENT_TARGET = 15.0;
				MTL_ENABLE_DEBUG_INFO = NO;
				MTL_FAST_MATH = YES;
				SDKROOT = iphoneos;
				SWIFT_COMPILATION_MODE = wholemodule;
				SWIFT_OPTIMIZATION_LEVEL = "-O";
				VALIDATE_PRODUCT = YES;
			};
			name = Release;
		};
		1430612D270B4B2300209D24 /* Debug */ = {
			isa = XCBuildConfiguration;
			buildSettings = {
				ASSETCATALOG_COMPILER_APPICON_NAME = AppIcon;
				ASSETCATALOG_COMPILER_GLOBAL_ACCENT_COLOR_NAME = AccentColor;
				CODE_SIGN_STYLE = Automatic;
				CURRENT_PROJECT_VERSION = 1;
				DEVELOPMENT_ASSET_PATHS = "\"CryptoTracker/Preview Content\"";
				DEVELOPMENT_TEAM = AW7UK4LE9Y;
				ENABLE_PREVIEWS = YES;
				GENERATE_INFOPLIST_FILE = YES;
				INFOPLIST_FILE = CryptoTracker/Info.plist;
				INFOPLIST_KEY_UIApplicationSceneManifest_Generation = YES;
				INFOPLIST_KEY_UIApplicationSupportsIndirectInputEvents = YES;
				INFOPLIST_KEY_UILaunchScreen_Generation = YES;
				INFOPLIST_KEY_UISupportedInterfaceOrientations_iPad = "UIInterfaceOrientationPortrait UIInterfaceOrientationPortraitUpsideDown UIInterfaceOrientationLandscapeLeft UIInterfaceOrientationLandscapeRight";
				INFOPLIST_KEY_UISupportedInterfaceOrientations_iPhone = "UIInterfaceOrientationPortrait UIInterfaceOrientationLandscapeLeft UIInterfaceOrientationLandscapeRight";
				IPHONEOS_DEPLOYMENT_TARGET = 15.0;
				LD_RUNPATH_SEARCH_PATHS = (
					"$(inherited)",
					"@executable_path/Frameworks",
				);
				MARKETING_VERSION = 1.0;
				PRODUCT_BUNDLE_IDENTIFIER = com.mahin.CryptoTracker;
				PRODUCT_NAME = "$(TARGET_NAME)";
				SWIFT_EMIT_LOC_STRINGS = YES;
				SWIFT_VERSION = 5.0;
				TARGETED_DEVICE_FAMILY = "1,2";
			};
			name = Debug;
		};
		1430612E270B4B2300209D24 /* Release */ = {
			isa = XCBuildConfiguration;
			buildSettings = {
				ASSETCATALOG_COMPILER_APPICON_NAME = AppIcon;
				ASSETCATALOG_COMPILER_GLOBAL_ACCENT_COLOR_NAME = AccentColor;
				CODE_SIGN_STYLE = Automatic;
				CURRENT_PROJECT_VERSION = 1;
				DEVELOPMENT_ASSET_PATHS = "\"CryptoTracker/Preview Content\"";
				DEVELOPMENT_TEAM = AW7UK4LE9Y;
				ENABLE_PREVIEWS = YES;
				GENERATE_INFOPLIST_FILE = YES;
				INFOPLIST_FILE = CryptoTracker/Info.plist;
				INFOPLIST_KEY_UIApplicationSceneManifest_Generation = YES;
				INFOPLIST_KEY_UIApplicationSupportsIndirectInputEvents = YES;
				INFOPLIST_KEY_UILaunchScreen_Generation = YES;
				INFOPLIST_KEY_UISupportedInterfaceOrientations_iPad = "UIInterfaceOrientationPortrait UIInterfaceOrientationPortraitUpsideDown UIInterfaceOrientationLandscapeLeft UIInterfaceOrientationLandscapeRight";
				INFOPLIST_KEY_UISupportedInterfaceOrientations_iPhone = "UIInterfaceOrientationPortrait UIInterfaceOrientationLandscapeLeft UIInterfaceOrientationLandscapeRight";
				IPHONEOS_DEPLOYMENT_TARGET = 15.0;
				LD_RUNPATH_SEARCH_PATHS = (
					"$(inherited)",
					"@executable_path/Frameworks",
				);
				MARKETING_VERSION = 1.0;
				PRODUCT_BUNDLE_IDENTIFIER = com.mahin.CryptoTracker;
				PRODUCT_NAME = "$(TARGET_NAME)";
				SWIFT_EMIT_LOC_STRINGS = YES;
				SWIFT_VERSION = 5.0;
				TARGETED_DEVICE_FAMILY = "1,2";
			};
			name = Release;
		};
		14306130270B4B2300209D24 /* Debug */ = {
			isa = XCBuildConfiguration;
			buildSettings = {
				ALWAYS_EMBED_SWIFT_STANDARD_LIBRARIES = YES;
				BUNDLE_LOADER = "$(TEST_HOST)";
				CODE_SIGN_STYLE = Automatic;
				CURRENT_PROJECT_VERSION = 1;
				DEVELOPMENT_TEAM = AW7UK4LE9Y;
				GENERATE_INFOPLIST_FILE = YES;
				IPHONEOS_DEPLOYMENT_TARGET = 14.0;
				LD_RUNPATH_SEARCH_PATHS = (
					"$(inherited)",
					"@executable_path/Frameworks",
					"@loader_path/Frameworks",
				);
				MARKETING_VERSION = 1.0;
				PRODUCT_BUNDLE_IDENTIFIER = com.mahin.CryptoTrackerTests;
				PRODUCT_NAME = "$(TARGET_NAME)";
				SWIFT_EMIT_LOC_STRINGS = NO;
				SWIFT_VERSION = 5.0;
				TARGETED_DEVICE_FAMILY = "1,2";
				TEST_HOST = "$(BUILT_PRODUCTS_DIR)/CryptoTracker.app/CryptoTracker";
			};
			name = Debug;
		};
		14306131270B4B2300209D24 /* Release */ = {
			isa = XCBuildConfiguration;
			buildSettings = {
				ALWAYS_EMBED_SWIFT_STANDARD_LIBRARIES = YES;
				BUNDLE_LOADER = "$(TEST_HOST)";
				CODE_SIGN_STYLE = Automatic;
				CURRENT_PROJECT_VERSION = 1;
				DEVELOPMENT_TEAM = AW7UK4LE9Y;
				GENERATE_INFOPLIST_FILE = YES;
				IPHONEOS_DEPLOYMENT_TARGET = 14.0;
				LD_RUNPATH_SEARCH_PATHS = (
					"$(inherited)",
					"@executable_path/Frameworks",
					"@loader_path/Frameworks",
				);
				MARKETING_VERSION = 1.0;
				PRODUCT_BUNDLE_IDENTIFIER = com.mahin.CryptoTrackerTests;
				PRODUCT_NAME = "$(TARGET_NAME)";
				SWIFT_EMIT_LOC_STRINGS = NO;
				SWIFT_VERSION = 5.0;
				TARGETED_DEVICE_FAMILY = "1,2";
				TEST_HOST = "$(BUILT_PRODUCTS_DIR)/CryptoTracker.app/CryptoTracker";
			};
			name = Release;
		};
		14306133270B4B2300209D24 /* Debug */ = {
			isa = XCBuildConfiguration;
			buildSettings = {
				ALWAYS_EMBED_SWIFT_STANDARD_LIBRARIES = YES;
				CODE_SIGN_STYLE = Automatic;
				CURRENT_PROJECT_VERSION = 1;
				DEVELOPMENT_TEAM = AW7UK4LE9Y;
				GENERATE_INFOPLIST_FILE = YES;
				LD_RUNPATH_SEARCH_PATHS = (
					"$(inherited)",
					"@executable_path/Frameworks",
					"@loader_path/Frameworks",
				);
				MARKETING_VERSION = 1.0;
				PRODUCT_BUNDLE_IDENTIFIER = com.mahin.CryptoTrackerUITests;
				PRODUCT_NAME = "$(TARGET_NAME)";
				SWIFT_EMIT_LOC_STRINGS = NO;
				SWIFT_VERSION = 5.0;
				TARGETED_DEVICE_FAMILY = "1,2";
				TEST_TARGET_NAME = CryptoTracker;
			};
			name = Debug;
		};
		14306134270B4B2300209D24 /* Release */ = {
			isa = XCBuildConfiguration;
			buildSettings = {
				ALWAYS_EMBED_SWIFT_STANDARD_LIBRARIES = YES;
				CODE_SIGN_STYLE = Automatic;
				CURRENT_PROJECT_VERSION = 1;
				DEVELOPMENT_TEAM = AW7UK4LE9Y;
				GENERATE_INFOPLIST_FILE = YES;
				LD_RUNPATH_SEARCH_PATHS = (
					"$(inherited)",
					"@executable_path/Frameworks",
					"@loader_path/Frameworks",
				);
				MARKETING_VERSION = 1.0;
				PRODUCT_BUNDLE_IDENTIFIER = com.mahin.CryptoTrackerUITests;
				PRODUCT_NAME = "$(TARGET_NAME)";
				SWIFT_EMIT_LOC_STRINGS = NO;
				SWIFT_VERSION = 5.0;
				TARGETED_DEVICE_FAMILY = "1,2";
				TEST_TARGET_NAME = CryptoTracker;
			};
			name = Release;
		};
/* End XCBuildConfiguration section */

/* Begin XCConfigurationList section */
		14306103270B4B2200209D24 /* Build configuration list for PBXProject "CryptoTracker" */ = {
			isa = XCConfigurationList;
			buildConfigurations = (
				1430612A270B4B2300209D24 /* Debug */,
				1430612B270B4B2300209D24 /* Release */,
			);
			defaultConfigurationIsVisible = 0;
			defaultConfigurationName = Release;
		};
		1430612C270B4B2300209D24 /* Build configuration list for PBXNativeTarget "CryptoTracker" */ = {
			isa = XCConfigurationList;
			buildConfigurations = (
				1430612D270B4B2300209D24 /* Debug */,
				1430612E270B4B2300209D24 /* Release */,
			);
			defaultConfigurationIsVisible = 0;
			defaultConfigurationName = Release;
		};
		1430612F270B4B2300209D24 /* Build configuration list for PBXNativeTarget "CryptoTrackerTests" */ = {
			isa = XCConfigurationList;
			buildConfigurations = (
				14306130270B4B2300209D24 /* Debug */,
				14306131270B4B2300209D24 /* Release */,
			);
			defaultConfigurationIsVisible = 0;
			defaultConfigurationName = Release;
		};
		14306132270B4B2300209D24 /* Build configuration list for PBXNativeTarget "CryptoTrackerUITests" */ = {
			isa = XCConfigurationList;
			buildConfigurations = (
				14306133270B4B2300209D24 /* Debug */,
				14306134270B4B2300209D24 /* Release */,
			);
			defaultConfigurationIsVisible = 0;
			defaultConfigurationName = Release;
		};
/* End XCConfigurationList section */
	};
	rootObject = 14306100270B4B2200209D24 /* Project object */;
}
